
Microsoft Visual Studio Solution File, Format Version 9.00
# Visual Studio 2005
Project("{FAE04EC0-301F-11D3-BF4B-00C04F79EFBC}") = "ps", "ps.csproj", "{A8868B44-3F1C-47D6-BC50-FF68D1B11908}"
EndProject
Global
	GlobalSection(SolutionConfigurationPlatforms) = preSolution
		Debug|Any CPU = Debug|Any CPU
		Release|Any CPU = Release|Any CPU
	EndGlobalSection
	GlobalSection(ProjectConfigurationPlatforms) = postSolution
		{A8868B44-3F1C-47D6-BC50-FF68D1B11908}.Debug|Any CPU.ActiveCfg = Debug|Any CPU
		{A8868B44-3F1C-47D6-BC50-FF68D1B11908}.Debug|Any CPU.Build.0 = Debug|Any CPU
		{A8868B44-3F1C-47D6-BC50-FF68D1B11908}.Release|Any CPU.ActiveCfg = Release|Any CPU
		{A8868B44-3F1C-47D6-BC50-FF68D1B11908}.Release|Any CPU.Build.0 = Release|Any CPU
	EndGlobalSection
	GlobalSection(SolutionProperties) = preSolution
		HideSolutionNode = FALSE
	EndGlobalSection
EndGlobal
