
Microsoft Visual Studio Solution File, Format Version 9.00
# Visual Studio 2005
Project("{E24C65DC-7377-472B-9ABA-BC803B73C61A}") = "C:\#source_code\GameTracker\", ".", "{AE7585B6-69C1-4F99-8CDB-EE7FC9F7AF05}"
	ProjectSection(WebsiteProperties) = preProject
		Debug.AspNetCompiler.VirtualPath = "/GameTracker"
		Debug.AspNetCompiler.PhysicalPath = "."
		Debug.AspNetCompiler.TargetPath = "PrecompiledWeb\GameTracker\"
		Debug.AspNetCompiler.Updateable = "true"
		Debug.AspNetCompiler.ForceOverwrite = "true"
		Debug.AspNetCompiler.FixedNames = "false"
		Debug.AspNetCompiler.Debug = "True"
		Release.AspNetCompiler.VirtualPath = "/GameTracker"
		Release.AspNetCompiler.PhysicalPath = "."
		Release.AspNetCompiler.TargetPath = "PrecompiledWeb\GameTracker\"
		Release.AspNetCompiler.Updateable = "true"
		Release.AspNetCompiler.ForceOverwrite = "true"
		Release.AspNetCompiler.FixedNames = "false"
		Release.AspNetCompiler.Debug = "False"
		VWDPort = "1075"
		DefaultWebSiteLanguage = "Visual C#"
	EndProjectSection
EndProject
Global
	GlobalSection(SolutionConfigurationPlatforms) = preSolution
		Debug|.NET = Debug|.NET
	EndGlobalSection
	GlobalSection(ProjectConfigurationPlatforms) = postSolution
		{AE7585B6-69C1-4F99-8CDB-EE7FC9F7AF05}.Debug|.NET.ActiveCfg = Debug|.NET
		{AE7585B6-69C1-4F99-8CDB-EE7FC9F7AF05}.Debug|.NET.Build.0 = Debug|.NET
	EndGlobalSection
	GlobalSection(SolutionProperties) = preSolution
		HideSolutionNode = FALSE
	EndGlobalSection
EndGlobal
